# Generated by pub
# See https://dart.dev/tools/pub/glossary#lockfile
packages:
  _fe_analyzer_shared:
<<<<<<< HEAD
    dependency: transitive
    description:
      name: _fe_analyzer_shared
      sha256: "16e298750b6d0af7ce8a3ba7c18c69c3785d11b15ec83f6dcd0ad2a0009b3cab"
      url: "https://pub.dev"
    source: hosted
    version: "76.0.0"
  _macros:
    dependency: transitive
    description: dart
    source: sdk
    version: "0.3.3"
=======
    dependency: "direct main"
    description:
      name: _fe_analyzer_shared
      sha256: "0b2f2bd91ba804e53a61d757b986f89f1f9eaed5b11e4b2f5a2468d86d6c9fc7"
      url: "https://pub.dev"
    source: hosted
    version: "67.0.0"
>>>>>>> upstream/develop
  analyzer:
    dependency: "direct main"
    description:
      name: analyzer
<<<<<<< HEAD
      sha256: "1f14db053a8c23e260789e9b0980fa27f2680dd640932cae5e1137cce0e46e1e"
      url: "https://pub.dev"
    source: hosted
    version: "6.11.0"
=======
      sha256: "37577842a27e4338429a1cbc32679d508836510b056f1eedf0c8d20e39c1383d"
      url: "https://pub.dev"
    source: hosted
    version: "6.4.1"
>>>>>>> upstream/develop
  analyzer_plugin:
    dependency: "direct main"
    description:
      name: analyzer_plugin
      sha256: "9661b30b13a685efaee9f02e5d01ed9f2b423bd889d28a304d02d704aee69161"
      url: "https://pub.dev"
    source: hosted
    version: "0.11.3"
  args:
    dependency: "direct main"
    description:
      name: args
<<<<<<< HEAD
      sha256: eef6c46b622e0494a36c5a12d10d77fb4e855501a91c1b9ef9339326e58f0596
      url: "https://pub.dev"
    source: hosted
    version: "2.4.2"
=======
      sha256: d0481093c50b1da8910eb0bb301626d4d8eb7284aa739614d2b394ee09e3ea04
      url: "https://pub.dev"
    source: hosted
    version: "2.7.0"
>>>>>>> upstream/develop
  async:
    dependency: transitive
    description:
      name: async
<<<<<<< HEAD
      sha256: "947bfcf187f74dbc5e146c9eb9c0f10c9f8b30743e341481c1e2ed3ecc18c20c"
      url: "https://pub.dev"
    source: hosted
    version: "2.11.0"
=======
      sha256: "758e6d74e971c3e5aceb4110bfd6698efc7f501675bcfe0c775459a8140750eb"
      url: "https://pub.dev"
    source: hosted
    version: "2.13.0"
>>>>>>> upstream/develop
  boolean_selector:
    dependency: transitive
    description:
      name: boolean_selector
<<<<<<< HEAD
      sha256: "6cfb5af12253eaf2b368f07bacc5a80d1301a071c73360d746b7f2e32d762c66"
      url: "https://pub.dev"
    source: hosted
    version: "2.1.1"
=======
      sha256: "8aab1771e1243a5063b8b0ff68042d67334e3feab9e95b9490f9a6ebf73b42ea"
      url: "https://pub.dev"
    source: hosted
    version: "2.1.2"
>>>>>>> upstream/develop
  checked_yaml:
    dependency: transitive
    description:
      name: checked_yaml
<<<<<<< HEAD
      sha256: feb6bed21949061731a7a75fc5d2aa727cf160b91af9a3e464c5e3a32e28b5ff
      url: "https://pub.dev"
    source: hosted
    version: "2.0.3"
=======
      sha256: "959525d3162f249993882720d52b7e0c833978df229be20702b33d48d91de70f"
      url: "https://pub.dev"
    source: hosted
    version: "2.0.4"
>>>>>>> upstream/develop
  ci:
    dependency: transitive
    description:
      name: ci
      sha256: "145d095ce05cddac4d797a158bc4cf3b6016d1fe63d8c3d2fbd7212590adca13"
      url: "https://pub.dev"
    source: hosted
    version: "0.1.0"
  cli_util:
    dependency: transitive
    description:
      name: cli_util
      sha256: ff6785f7e9e3c38ac98b2fb035701789de90154024a75b6cb926445e83197d1c
      url: "https://pub.dev"
    source: hosted
    version: "0.4.2"
  collection:
    dependency: transitive
    description:
      name: collection
      sha256: "2f5709ae4d3d59dd8f7cd309b4e023046b57d8a6c82130785d2b0e5868084e76"
      url: "https://pub.dev"
    source: hosted
    version: "1.19.1"
  convert:
    dependency: transitive
    description:
      name: convert
<<<<<<< HEAD
      sha256: "0f08b14755d163f6e2134cb58222dd25ea2a2ee8a195e53983d57c075324d592"
      url: "https://pub.dev"
    source: hosted
    version: "3.1.1"
=======
      sha256: b30acd5944035672bc15c6b7a8b47d773e41e2f17de064350988c5d02adb1c68
      url: "https://pub.dev"
    source: hosted
    version: "3.1.2"
>>>>>>> upstream/develop
  crypto:
    dependency: transitive
    description:
      name: crypto
<<<<<<< HEAD
      sha256: ff625774173754681d66daaf4a448684fb04b78f902da9cb3d308c19cc5e8bab
      url: "https://pub.dev"
    source: hosted
    version: "3.0.3"
=======
      sha256: c8ea0233063ba03258fbcf2ca4d6dadfefe14f02fab57702265467a19f27fadf
      url: "https://pub.dev"
    source: hosted
    version: "3.0.7"
>>>>>>> upstream/develop
  custom_lint:
    dependency: "direct main"
    description:
      name: custom_lint
<<<<<<< HEAD
      sha256: "3486c470bb93313a9417f926c7dd694a2e349220992d7b9d14534dc49c15bba9"
      url: "https://pub.dev"
    source: hosted
    version: "0.7.0"
=======
      sha256: "7c0aec12df22f9082146c354692056677f1e70bc43471644d1fdb36c6fdda799"
      url: "https://pub.dev"
    source: hosted
    version: "0.6.4"
>>>>>>> upstream/develop
  custom_lint_builder:
    dependency: "direct main"
    description:
      name: custom_lint_builder
<<<<<<< HEAD
      sha256: "42cdc41994eeeddab0d7a722c7093ec52bd0761921eeb2cbdbf33d192a234759"
      url: "https://pub.dev"
    source: hosted
    version: "0.7.0"
=======
      sha256: d7dc41e709dde223806660268678be7993559e523eb3164e2a1425fd6f7615a9
      url: "https://pub.dev"
    source: hosted
    version: "0.6.4"
>>>>>>> upstream/develop
  custom_lint_core:
    dependency: transitive
    description:
      name: custom_lint_core
<<<<<<< HEAD
      sha256: "02450c3e45e2a6e8b26c4d16687596ab3c4644dd5792e3313aa9ceba5a49b7f5"
      url: "https://pub.dev"
    source: hosted
    version: "0.7.0"
  custom_lint_visitor:
    dependency: transitive
    description:
      name: custom_lint_visitor
      sha256: bfe9b7a09c4775a587b58d10ebb871d4fe618237639b1e84d5ec62d7dfef25f9
      url: "https://pub.dev"
    source: hosted
    version: "1.0.0+6.11.0"
=======
      sha256: a85e8f78f4c52f6c63cdaf8c872eb573db0231dcdf3c3a5906d493c1f8bc20e6
      url: "https://pub.dev"
    source: hosted
    version: "0.6.3"
>>>>>>> upstream/develop
  dart_style:
    dependency: transitive
    description:
      name: dart_style
<<<<<<< HEAD
      sha256: "7306ab8a2359a48d22310ad823521d723acfed60ee1f7e37388e8986853b6820"
      url: "https://pub.dev"
    source: hosted
    version: "2.3.8"
=======
      sha256: "99e066ce75c89d6b29903d788a7bb9369cf754f7b24bf70bf4b6d6d6b26853b9"
      url: "https://pub.dev"
    source: hosted
    version: "2.3.6"
>>>>>>> upstream/develop
  file:
    dependency: transitive
    description:
      name: file
<<<<<<< HEAD
      sha256: "5fc22d7c25582e38ad9a8515372cd9a93834027aacf1801cf01164dac0ffa08c"
      url: "https://pub.dev"
    source: hosted
    version: "7.0.0"
=======
      sha256: a3b4f84adafef897088c160faf7dfffb7696046cb13ae90b508c2cbc95d3b8d4
      url: "https://pub.dev"
    source: hosted
    version: "7.0.1"
>>>>>>> upstream/develop
  fixnum:
    dependency: transitive
    description:
      name: fixnum
<<<<<<< HEAD
      sha256: "25517a4deb0c03aa0f32fd12db525856438902d9c16536311e76cdc57b31d7d1"
      url: "https://pub.dev"
    source: hosted
    version: "1.1.0"
=======
      sha256: b6dc7065e46c974bc7c5f143080a6764ec7a4be6da1285ececdc37be96de53be
      url: "https://pub.dev"
    source: hosted
    version: "1.1.1"
>>>>>>> upstream/develop
  freezed_annotation:
    dependency: transitive
    description:
      name: freezed_annotation
      sha256: c2e2d632dd9b8a2b7751117abcfc2b4888ecfe181bd9fca7170d9ef02e595fe2
      url: "https://pub.dev"
    source: hosted
    version: "2.4.4"
  glob:
    dependency: transitive
    description:
      name: glob
<<<<<<< HEAD
      sha256: "0e7014b3b7d4dac1ca4d6114f82bf1782ee86745b9b42a92c9289c23d8a0ab63"
      url: "https://pub.dev"
    source: hosted
    version: "2.1.2"
=======
      sha256: c3f1ee72c96f8f78935e18aa8cecced9ab132419e8625dc187e1c2408efc20de
      url: "https://pub.dev"
    source: hosted
    version: "2.1.3"
>>>>>>> upstream/develop
  hotreloader:
    dependency: transitive
    description:
      name: hotreloader
<<<<<<< HEAD
      sha256: "94ee21a60ea2836500799f3af035dc3212b1562027f1e0031c14e087f0231449"
      url: "https://pub.dev"
    source: hosted
    version: "4.1.0"
=======
      sha256: bc167a1163807b03bada490bfe2df25b0d744df359227880220a5cbd04e5734b
      url: "https://pub.dev"
    source: hosted
    version: "4.3.0"
>>>>>>> upstream/develop
  json_annotation:
    dependency: transitive
    description:
      name: json_annotation
      sha256: "1ce844379ca14835a50d2f019a3099f419082cfdd231cd86a142af94dd5c6bb1"
      url: "https://pub.dev"
    source: hosted
    version: "4.9.0"
  lint:
    dependency: "direct dev"
    description:
      name: lint
<<<<<<< HEAD
      sha256: d758a5211fce7fd3f5e316f804daefecdc34c7e53559716125e6da7388ae8565
      url: "https://pub.dev"
    source: hosted
    version: "2.3.0"
=======
      sha256: "3cd03646de313481336500ba02eb34d07c590535525f154aae7fda7362aa07a9"
      url: "https://pub.dev"
    source: hosted
    version: "2.8.0"
>>>>>>> upstream/develop
  logging:
    dependency: transitive
    description:
      name: logging
<<<<<<< HEAD
      sha256: "623a88c9594aa774443aa3eb2d41807a48486b5613e67599fb4c41c0ad47c340"
      url: "https://pub.dev"
    source: hosted
    version: "1.2.0"
  macros:
    dependency: transitive
    description:
      name: macros
      sha256: "1d9e801cd66f7ea3663c45fc708450db1fa57f988142c64289142c9b7ee80656"
      url: "https://pub.dev"
    source: hosted
    version: "0.1.3-main.0"
=======
      sha256: c8245ada5f1717ed44271ed1c26b8ce85ca3228fd2ffdb75468ab01979309d61
      url: "https://pub.dev"
    source: hosted
    version: "1.3.0"
>>>>>>> upstream/develop
  matcher:
    dependency: transitive
    description:
      name: matcher
<<<<<<< HEAD
      sha256: d2323aa2060500f906aa31a895b4030b6da3ebdcc5619d14ce1aada65cd161cb
      url: "https://pub.dev"
    source: hosted
    version: "0.12.16+1"
=======
      sha256: "12956d0ad8390bbcc63ca2e1469c0619946ccb52809807067a7020d57e647aa6"
      url: "https://pub.dev"
    source: hosted
    version: "0.12.18"
>>>>>>> upstream/develop
  meta:
    dependency: transitive
    description:
      name: meta
<<<<<<< HEAD
      sha256: e3641ec5d63ebf0d9b41bd43201a66e3fc79a65db5f61fc181f04cd27aab950c
      url: "https://pub.dev"
    source: hosted
    version: "1.16.0"
=======
      sha256: "23f08335362185a5ea2ad3a4e597f1375e78bce8a040df5c600c8d3552ef2394"
      url: "https://pub.dev"
    source: hosted
    version: "1.17.0"
>>>>>>> upstream/develop
  package_config:
    dependency: transitive
    description:
      name: package_config
<<<<<<< HEAD
      sha256: "1c5b77ccc91e4823a5af61ee74e6b972db1ef98c2ff5a18d3161c982a55448bd"
      url: "https://pub.dev"
    source: hosted
    version: "2.1.0"
=======
      sha256: f096c55ebb7deb7e384101542bfba8c52696c1b56fca2eb62827989ef2353bbc
      url: "https://pub.dev"
    source: hosted
    version: "2.2.0"
>>>>>>> upstream/develop
  path:
    dependency: transitive
    description:
      name: path
<<<<<<< HEAD
      sha256: "087ce49c3f0dc39180befefc60fdb4acd8f8620e5682fe2476afd0b3688bb4af"
      url: "https://pub.dev"
    source: hosted
    version: "1.9.0"
=======
      sha256: "75cca69d1490965be98c73ceaea117e8a04dd21217b37b292c9ddbec0d955bc5"
      url: "https://pub.dev"
    source: hosted
    version: "1.9.1"
>>>>>>> upstream/develop
  pub_semver:
    dependency: transitive
    description:
      name: pub_semver
<<<<<<< HEAD
      sha256: "40d3ab1bbd474c4c2328c91e3a7df8c6dd629b79ece4c4bd04bee496a224fb0c"
      url: "https://pub.dev"
    source: hosted
    version: "2.1.4"
=======
      sha256: "5bfcf68ca79ef689f8990d1160781b4bad40a3bd5e5218ad4076ddb7f4081585"
      url: "https://pub.dev"
    source: hosted
    version: "2.2.0"
>>>>>>> upstream/develop
  pubspec_parse:
    dependency: transitive
    description:
      name: pubspec_parse
      sha256: "0560ba233314abbed0a48a2956f7f022cce7c3e1e73df540277da7544cad4082"
      url: "https://pub.dev"
    source: hosted
    version: "1.5.0"
  rxdart:
    dependency: transitive
    description:
      name: rxdart
<<<<<<< HEAD
      sha256: "5c3004a4a8dbb94bd4bf5412a4def4acdaa12e12f269737a5751369e12d1a962"
      url: "https://pub.dev"
    source: hosted
    version: "0.28.0"
=======
      sha256: "0c7c0cedd93788d996e33041ffecda924cc54389199cde4e6a34b440f50044cb"
      url: "https://pub.dev"
    source: hosted
    version: "0.27.7"
>>>>>>> upstream/develop
  source_span:
    dependency: transitive
    description:
      name: source_span
<<<<<<< HEAD
      sha256: "53e943d4206a5e30df338fd4c6e7a077e02254531b138a15aec3bd143c1a8b3c"
      url: "https://pub.dev"
    source: hosted
    version: "1.10.0"
  sprintf:
    dependency: transitive
    description:
      name: sprintf
      sha256: "1fc9ffe69d4df602376b52949af107d8f5703b77cda567c4d7d86a0693120f23"
      url: "https://pub.dev"
    source: hosted
    version: "7.0.0"
=======
      sha256: "254ee5351d6cb365c859e20ee823c3bb479bf4a293c22d17a9f1bf144ce86f7c"
      url: "https://pub.dev"
    source: hosted
    version: "1.10.1"
>>>>>>> upstream/develop
  stack_trace:
    dependency: transitive
    description:
      name: stack_trace
<<<<<<< HEAD
      sha256: "73713990125a6d93122541237550ee3352a2d84baad52d375a4cad2eb9b7ce0b"
      url: "https://pub.dev"
    source: hosted
    version: "1.11.1"
=======
      sha256: "8b27215b45d22309b5cddda1aa2b19bdfec9df0e765f2de506401c071d38d1b1"
      url: "https://pub.dev"
    source: hosted
    version: "1.12.1"
>>>>>>> upstream/develop
  stream_channel:
    dependency: transitive
    description:
      name: stream_channel
<<<<<<< HEAD
      sha256: ba2aa5d8cc609d96bbb2899c28934f9e1af5cddbd60a827822ea467161eb54e7
      url: "https://pub.dev"
    source: hosted
    version: "2.1.2"
=======
      sha256: "969e04c80b8bcdf826f8f16579c7b14d780458bd97f56d107d3950fdbeef059d"
      url: "https://pub.dev"
    source: hosted
    version: "2.1.4"
>>>>>>> upstream/develop
  stream_transform:
    dependency: transitive
    description:
      name: stream_transform
<<<<<<< HEAD
      sha256: "14a00e794c7c11aa145a170587321aedce29769c08d7f58b1d141da75e3b1c6f"
      url: "https://pub.dev"
    source: hosted
    version: "2.1.0"
=======
      sha256: ad47125e588cfd37a9a7f86c7d6356dde8dfe89d071d293f80ca9e9273a33871
      url: "https://pub.dev"
    source: hosted
    version: "2.1.1"
>>>>>>> upstream/develop
  string_scanner:
    dependency: transitive
    description:
      name: string_scanner
<<<<<<< HEAD
      sha256: "556692adab6cfa87322a115640c11f13cb77b3f076ddcc5d6ae3c20242bedcde"
      url: "https://pub.dev"
    source: hosted
    version: "1.2.0"
=======
      sha256: "921cd31725b72fe181906c6a94d987c78e3b98c2e205b397ea399d4054872b43"
      url: "https://pub.dev"
    source: hosted
    version: "1.4.1"
>>>>>>> upstream/develop
  term_glyph:
    dependency: transitive
    description:
      name: term_glyph
<<<<<<< HEAD
      sha256: a29248a84fbb7c79282b40b8c72a1209db169a2e0542bce341da992fe1bc7e84
      url: "https://pub.dev"
    source: hosted
    version: "1.2.1"
=======
      sha256: "7f554798625ea768a7518313e58f83891c7f5024f88e46e7182a4558850a4b8e"
      url: "https://pub.dev"
    source: hosted
    version: "1.2.2"
>>>>>>> upstream/develop
  test_api:
    dependency: transitive
    description:
      name: test_api
<<<<<<< HEAD
      sha256: "9955ae474176f7ac8ee4e989dadfb411a58c30415bcfb648fa04b2b8a03afa7f"
      url: "https://pub.dev"
    source: hosted
    version: "0.7.0"
=======
      sha256: "93167629bfc610f71560ab9312acdda4959de4df6fac7492c89ff0d3886f6636"
      url: "https://pub.dev"
    source: hosted
    version: "0.7.9"
>>>>>>> upstream/develop
  typed_data:
    dependency: transitive
    description:
      name: typed_data
<<<<<<< HEAD
      sha256: facc8d6582f16042dd49f2463ff1bd6e2c9ef9f3d5da3d9b087e244a7b564b3c
      url: "https://pub.dev"
    source: hosted
    version: "1.3.2"
=======
      sha256: f9049c039ebfeb4cf7a7104a675823cd72dba8297f264b6637062516699fa006
      url: "https://pub.dev"
    source: hosted
    version: "1.4.0"
>>>>>>> upstream/develop
  uuid:
    dependency: transitive
    description:
      name: uuid
<<<<<<< HEAD
      sha256: a5be9ef6618a7ac1e964353ef476418026db906c4facdedaa299b7a2e71690ff
      url: "https://pub.dev"
    source: hosted
    version: "4.5.1"
=======
      sha256: a11b666489b1954e01d992f3d601b1804a33937b5a8fe677bd26b8a9f96f96e8
      url: "https://pub.dev"
    source: hosted
    version: "4.5.2"
>>>>>>> upstream/develop
  vm_service:
    dependency: transitive
    description:
      name: vm_service
<<<<<<< HEAD
      sha256: b3d56ff4341b8f182b96aceb2fa20e3dcb336b9f867bc0eafc0de10f1048e957
      url: "https://pub.dev"
    source: hosted
    version: "13.0.0"
=======
      sha256: "45caa6c5917fa127b5dbcfbd1fa60b14e583afdc08bfc96dda38886ca252eb60"
      url: "https://pub.dev"
    source: hosted
    version: "15.0.2"
>>>>>>> upstream/develop
  watcher:
    dependency: transitive
    description:
      name: watcher
<<<<<<< HEAD
      sha256: "3d2ad6751b3c16cf07c7fca317a1413b3f26530319181b37e3b9039b84fc01d8"
      url: "https://pub.dev"
    source: hosted
    version: "1.1.0"
=======
      sha256: "1398c9f081a753f9226febe8900fce8f7d0a67163334e1c94a2438339d79d635"
      url: "https://pub.dev"
    source: hosted
    version: "1.2.1"
>>>>>>> upstream/develop
  yaml:
    dependency: transitive
    description:
      name: yaml
<<<<<<< HEAD
      sha256: "75769501ea3489fca56601ff33454fe45507ea3bfb014161abc3b43ae25989d5"
      url: "https://pub.dev"
    source: hosted
    version: "3.1.2"
sdks:
  dart: ">=3.6.0 <4.0.0"
=======
      sha256: b9da305ac7c39faa3f030eccd175340f968459dae4af175130b3fc47e40d76ce
      url: "https://pub.dev"
    source: hosted
    version: "3.1.3"
sdks:
  dart: ">=3.8.0 <4.0.0"
>>>>>>> upstream/develop
